dependencies:
- name: kube-state-metrics
  repository: https://mesosphere.github.io/charts/stable
  version: 2.8.*
- name: prometheus-node-exporter
  repository: https://mesosphere.github.io/charts/stable
  version: 1.9.*
- name: grafana
  repository: https://mesosphere.github.io/charts/stable
  version: 5.0.*
digest: sha256:7894a31f1481fd38c9f1fa3163761cef4178fdff489e468bd22f86153e59690b
generated: "2020-11-02T12:57:56.029726315-08:00"
