dependencies:
- name: kube-state-metrics
  repository: https://mesosphere.github.io/charts/stable/
  version: 2.6.*
- name: prometheus-node-exporter
  repository: https://mesosphere.github.io/charts/stable/
  version: 1.8.*
- name: grafana
  repository: https://mesosphere.github.io/charts/stable/
  version: 4.3.*
digest: sha256:425975a3ae467586b8cfe642ac56a10ea6248cb3bf4971ac689af15a279b4c11
generated: "2020-11-03T22:30:50.623930107-08:00"
