dependencies:
- name: kubeaddons-catalog
  repository: https://mesosphere.github.io/charts/staging
  version: 0.1.15
- name: kommander-federation
  repository: https://mesosphere.github.io/yakcl/charts
  version: v0.6.4
- name: kommander-licensing
  repository: https://mesosphere.github.io/yakcl/charts
  version: v0.6.4
- name: kommander-ui
  repository: https://mesosphere.github.io/kommander/charts
  version: 6.55.1-beta.2
- name: kubecost
  repository: https://mesosphere.github.io/charts/stable
  version: 0.1.15
- name: grafana
  repository: https://mesosphere.github.io/charts/stable
  version: 4.6.3
digest: sha256:d206bd7121a6132402ddcceb5aebef8472c1301147d204096a0b679b02185a85
generated: "2020-11-03T13:52:50.621465784-07:00"
