dependencies:
- name: kubeaddons-catalog
  repository: https://mesosphere.github.io/charts/staging
  version: 0.1.15
- name: kommander-federation
  repository: https://mesosphere.github.io/yakcl/charts
  version: 0.6.4
- name: kommander-licensing
  repository: https://mesosphere.github.io/yakcl/charts
  version: 0.6.4
- name: kommander-ui
  repository: https://mesosphere.github.io/kommander/charts
  version: 6.55.1-beta.1
- name: kubecost
  repository: https://mesosphere.github.io/charts/stable
  version: 0.1.15
- name: grafana
  repository: https://mesosphere.github.io/charts/stable
  version: 4.6.3
digest: sha256:1d81b2d398c98bfbcad5075245e17b01fca481de3e8b358b60d835019dd035f2
generated: "2020-11-09T13:36:23.948926872-08:00"
