dependencies:
- name: kubeaddons-catalog
  repository: https://mesosphere.github.io/charts/staging
  version: 0.1.12
- name: kommander-federation
  repository: https://mesosphere.github.io/yakcl/charts
  version: 0.4.8
- name: kommander-licensing
  repository: https://mesosphere.github.io/yakcl/charts
  version: 0.4.8
- name: auto-provisioning
  repository: https://mesosphere.github.io/yakcl/charts
  version: 0.4.7
- name: kommander-ui
  repository: https://mesosphere.github.io/kommander/charts
  version: 6.37.0
- name: kubecost
  repository: https://mesosphere.github.io/charts/stable
  version: 0.1.15
- name: grafana
  repository: https://kubernetes-charts.storage.googleapis.com
  version: 4.6.3
digest: sha256:3e02a2250116294b63c965a285da0f1b9940011dbcd3a12e71f46ddc95326dad
generated: "2020-09-30T14:25:40.501559+02:00"
